
Microsoft Visual Studio Solution File, Format Version 12.00
# Visual Studio Version 17
VisualStudioVersion = 17.6.33829.357
MinimumVisualStudioVersion = 10.0.40219.1
Project("{FAE04EC0-301F-11D3-BF4B-00C04F79EFBC}") = "UrlShortener", "UrlShortener\UrlShortener.csproj", "{96452DC3-1754-4FF5-A415-FA520D4FA113}"
EndProject
Global
	GlobalSection(SolutionConfigurationPlatforms) = preSolution
		Debug|Any CPU = Debug|Any CPU
		Release|Any CPU = Release|Any CPU
	EndGlobalSection
	GlobalSection(ProjectConfigurationPlatforms) = postSolution
		{96452DC3-1754-4FF5-A415-FA520D4FA113}.Debug|Any CPU.ActiveCfg = Debug|Any CPU
		{96452DC3-1754-4FF5-A415-FA520D4FA113}.Debug|Any CPU.Build.0 = Debug|Any CPU
		{96452DC3-1754-4FF5-A415-FA520D4FA113}.Release|Any CPU.ActiveCfg = Release|Any CPU
		{96452DC3-1754-4FF5-A415-FA520D4FA113}.Release|Any CPU.Build.0 = Release|Any CPU
	EndGlobalSection
	GlobalSection(SolutionProperties) = preSolution
		HideSolutionNode = FALSE
	EndGlobalSection
	GlobalSection(ExtensibilityGlobals) = postSolution
		SolutionGuid = {CBF1C084-FC65-4B7D-8FFC-8D19D35A5EF2}
	EndGlobalSection
EndGlobal
